
Microsoft Visual Studio Solution File, Format Version 12.00
# Visual Studio Version 17
VisualStudioVersion = 17.0.31903.59
MinimumVisualStudioVersion = 10.0.40219.1
Project("{2150E333-8FDC-42A3-9474-1A3956D46DE8}") = "src", "src", "{6FADCCF1-3EF6-4DC2-8541-B7C00B21B02C}"
EndProject
Project("{FAE04EC0-301F-11D3-BF4B-00C04F79EFBC}") = "Polly.Server", "src\polly.server\Polly.Server.csproj", "{99D2EEF3-13BE-490F-A190-6B20F7C1C6DD}"
EndProject
Project("{FAE04EC0-301F-11D3-BF4B-00C04F79EFBC}") = "Polly.Breaker.Server", "src\polly.breaker.server\Polly.Breaker.Server.csproj", "{0D1DE183-4CC3-4170-8226-3FFA343B5EE5}"
EndProject
Global
	GlobalSection(SolutionConfigurationPlatforms) = preSolution
		Debug|Any CPU = Debug|Any CPU
		Release|Any CPU = Release|Any CPU
	EndGlobalSection
	GlobalSection(SolutionProperties) = preSolution
		HideSolutionNode = FALSE
	EndGlobalSection
	GlobalSection(ProjectConfigurationPlatforms) = postSolution
		{99D2EEF3-13BE-490F-A190-6B20F7C1C6DD}.Debug|Any CPU.ActiveCfg = Debug|Any CPU
		{99D2EEF3-13BE-490F-A190-6B20F7C1C6DD}.Debug|Any CPU.Build.0 = Debug|Any CPU
		{99D2EEF3-13BE-490F-A190-6B20F7C1C6DD}.Release|Any CPU.ActiveCfg = Release|Any CPU
		{99D2EEF3-13BE-490F-A190-6B20F7C1C6DD}.Release|Any CPU.Build.0 = Release|Any CPU
		{0D1DE183-4CC3-4170-8226-3FFA343B5EE5}.Debug|Any CPU.ActiveCfg = Debug|Any CPU
		{0D1DE183-4CC3-4170-8226-3FFA343B5EE5}.Debug|Any CPU.Build.0 = Debug|Any CPU
		{0D1DE183-4CC3-4170-8226-3FFA343B5EE5}.Release|Any CPU.ActiveCfg = Release|Any CPU
		{0D1DE183-4CC3-4170-8226-3FFA343B5EE5}.Release|Any CPU.Build.0 = Release|Any CPU
	EndGlobalSection
	GlobalSection(NestedProjects) = preSolution
		{99D2EEF3-13BE-490F-A190-6B20F7C1C6DD} = {6FADCCF1-3EF6-4DC2-8541-B7C00B21B02C}
		{0D1DE183-4CC3-4170-8226-3FFA343B5EE5} = {6FADCCF1-3EF6-4DC2-8541-B7C00B21B02C}
	EndGlobalSection
EndGlobal
